
Microsoft Visual Studio Solution File, Format Version 12.00
# Visual Studio 15
VisualStudioVersion = 15.0.28010.2046
MinimumVisualStudioVersion = 10.0.40219.1
Project("{2150E333-8FDC-42A3-9474-1A3956D46DE8}") = "src", "src", "{C0E49FF0-B5B1-46C3-B9D1-320E89F14B8D}"
EndProject
Project("{9A19103F-16F7-4668-BE54-9A1E7A4F7556}") = "JRS.DR", "src\JRS.DR\JRS.DR.csproj", "{BE7F43DD-E820-4D8C-A4CB-484ADC9C3892}"
EndProject
Global
	GlobalSection(SolutionConfigurationPlatforms) = preSolution
		Debug|Any CPU = Debug|Any CPU
		Release|Any CPU = Release|Any CPU
	EndGlobalSection
	GlobalSection(ProjectConfigurationPlatforms) = postSolution
		{BE7F43DD-E820-4D8C-A4CB-484ADC9C3892}.Debug|Any CPU.ActiveCfg = Debug|Any CPU
		{BE7F43DD-E820-4D8C-A4CB-484ADC9C3892}.Debug|Any CPU.Build.0 = Debug|Any CPU
		{BE7F43DD-E820-4D8C-A4CB-484ADC9C3892}.Release|Any CPU.ActiveCfg = Release|Any CPU
		{BE7F43DD-E820-4D8C-A4CB-484ADC9C3892}.Release|Any CPU.Build.0 = Release|Any CPU
	EndGlobalSection
	GlobalSection(SolutionProperties) = preSolution
		HideSolutionNode = FALSE
	EndGlobalSection
	GlobalSection(NestedProjects) = preSolution
		{BE7F43DD-E820-4D8C-A4CB-484ADC9C3892} = {C0E49FF0-B5B1-46C3-B9D1-320E89F14B8D}
	EndGlobalSection
	GlobalSection(ExtensibilityGlobals) = postSolution
		SolutionGuid = {692A5493-224C-4EEA-AFC4-89C20372A5C5}
	EndGlobalSection
EndGlobal
